// !$*UTF8*$!
{
	archiveVersion = 1;
	classes = {
	};
	objectVersion = 77;
	objects = {

/* Begin PBXBuildFile section */
		EF8448092EF276B100326E16 /* WrappingHStack in Frameworks */ = {isa = PBXBuildFile; productRef = EF8448082EF276B100326E16 /* WrappingHStack */; };
/* End PBXBuildFile section */

/* Begin PBXContainerItemProxy section */
		EF8447E72EF24DDB00326E16 /* PBXContainerItemProxy */ = {
			isa = PBXContainerItemProxy;
			containerPortal = EF8447D12EF24DD800326E16 /* Project object */;
			proxyType = 1;
			remoteGlobalIDString = EF8447D82EF24DD800326E16;
			remoteInfo = ExpolanRatingComponent;
		};
		EF8447F12EF24DDB00326E16 /* PBXContainerItemProxy */ = {
			isa = PBXContainerItemProxy;
			containerPortal = EF8447D12EF24DD800326E16 /* Project object */;
			proxyType = 1;
			remoteGlobalIDString = EF8447D82EF24DD800326E16;
			remoteInfo = ExpolanRatingComponent;
		};
/* End PBXContainerItemProxy section */

/* Begin PBXFileReference section */
		EF8447D92EF24DD800326E16 /* ExpolanRatingComponent.app */ = {isa = PBXFileReference; explicitFileType = wrapper.application; includeInIndex = 0; path = ExpolanRatingComponent.app; sourceTree = BUILT_PRODUCTS_DIR; };
		EF8447E62EF24DDB00326E16 /* ExpolanRatingComponentTests.xctest */ = {isa = PBXFileReference; explicitFileType = wrapper.cfbundle; includeInIndex = 0; path = ExpolanRatingComponentTests.xctest; sourceTree = BUILT_PRODUCTS_DIR; };
		EF8447F02EF24DDB00326E16 /* ExpolanRatingComponentUITests.xctest */ = {isa = PBXFileReference; explicitFileType = wrapper.cfbundle; includeInIndex = 0; path = ExpolanRatingComponentUITests.xctest; sourceTree = BUILT_PRODUCTS_DIR; };
/* End PBXFileReference section */

/* Begin PBXFileSystemSynchronizedRootGroup section */
		EF8447DB2EF24DD800326E16 /* ExpolanRatingComponent */ = {
			isa = PBXFileSystemSynchronizedRootGroup;
			path = ExpolanRatingComponent;
			sourceTree = "<group>";
		};
		EF8447E92EF24DDB00326E16 /* ExpolanRatingComponentTests */ = {
			isa = PBXFileSystemSynchronizedRootGroup;
			path = ExpolanRatingComponentTests;
			sourceTree = "<group>";
		};
		EF8447F32EF24DDB00326E16 /* ExpolanRatingComponentUITests */ = {
			isa = PBXFileSystemSynchronizedRootGroup;
			path = ExpolanRatingComponentUITests;
			sourceTree = "<group>";
		};
/* End PBXFileSystemSynchronizedRootGroup section */

/* Begin PBXFrameworksBuildPhase section */
		EF8447D62EF24DD800326E16 /* Frameworks */ = {
			isa = PBXFrameworksBuildPhase;
			buildActionMask = 2147483647;
			files = (
				EF8448092EF276B100326E16 /* WrappingHStack in Frameworks */,
			);
			runOnlyForDeploymentPostprocessing = 0;
		};
		EF8447E32EF24DDB00326E16 /* Frameworks */ = {
			isa = PBXFrameworksBuildPhase;
			buildActionMask = 2147483647;
			files = (
			);
			runOnlyForDeploymentPostprocessing = 0;
		};
		EF8447ED2EF24DDB00326E16 /* Frameworks */ = {
			isa = PBXFrameworksBuildPhase;
			buildActionMask = 2147483647;
			files = (
			);
			runOnlyForDeploymentPostprocessing = 0;
		};
/* End PBXFrameworksBuildPhase section */

/* Begin PBXGroup section */
		EF8447D02EF24DD800326E16 = {
			isa = PBXGroup;
			children = (
				EF8447DB2EF24DD800326E16 /* ExpolanRatingComponent */,
				EF8447E92EF24DDB00326E16 /* ExpolanRatingComponentTests */,
				EF8447F32EF24DDB00326E16 /* ExpolanRatingComponentUITests */,
				EF8448072EF276B100326E16 /* Frameworks */,
				EF8447DA2EF24DD800326E16 /* Products */,
			);
			sourceTree = "<group>";
		};
		EF8447DA2EF24DD800326E16 /* Products */ = {
			isa = PBXGroup;
			children = (
				EF8447D92EF24DD800326E16 /* ExpolanRatingComponent.app */,
				EF8447E62EF24DDB00326E16 /* ExpolanRatingComponentTests.xctest */,
				EF8447F02EF24DDB00326E16 /* ExpolanRatingComponentUITests.xctest */,
			);
			name = Products;
			sourceTree = "<group>";
		};
		EF8448072EF276B100326E16 /* Frameworks */ = {
			isa = PBXGroup;
			children = (
			);
			name = Frameworks;
			sourceTree = "<group>";
		};
/* End PBXGroup section */

/* Begin PBXNativeTarget section */
		EF8447D82EF24DD800326E16 /* ExpolanRatingComponent */ = {
			isa = PBXNativeTarget;
			buildConfigurationList = EF8447FA2EF24DDB00326E16 /* Build configuration list for PBXNativeTarget "ExpolanRatingComponent" */;
			buildPhases = (
				EF8447D52EF24DD800326E16 /* Sources */,
				EF8447D62EF24DD800326E16 /* Frameworks */,
				EF8447D72EF24DD800326E16 /* Resources */,
			);
			buildRules = (
			);
			dependencies = (
			);
			fileSystemSynchronizedGroups = (
				EF8447DB2EF24DD800326E16 /* ExpolanRatingComponent */,
			);
			name = ExpolanRatingComponent;
			packageProductDependencies = (
				EF8448082EF276B100326E16 /* WrappingHStack */,
			);
			productName = ExpolanRatingComponent;
			productReference = EF8447D92EF24DD800326E16 /* ExpolanRatingComponent.app */;
			productType = "com.apple.product-type.application";
		};
		EF8447E52EF24DDB00326E16 /* ExpolanRatingComponentTests */ = {
			isa = PBXNativeTarget;
			buildConfigurationList = EF8447FD2EF24DDB00326E16 /* Build configuration list for PBXNativeTarget "ExpolanRatingComponentTests" */;
			buildPhases = (
				EF8447E22EF24DDB00326E16 /* Sources */,
				EF8447E32EF24DDB00326E16 /* Frameworks */,
				EF8447E42EF24DDB00326E16 /* Resources */,
			);
			buildRules = (
			);
			dependencies = (
				EF8447E82EF24DDB00326E16 /* PBXTargetDependency */,
			);
			fileSystemSynchronizedGroups = (
				EF8447E92EF24DDB00326E16 /* ExpolanRatingComponentTests */,
			);
			name = ExpolanRatingComponentTests;
			packageProductDependencies = (
			);
			productName = ExpolanRatingComponentTests;
			productReference = EF8447E62EF24DDB00326E16 /* ExpolanRatingComponentTests.xctest */;
			productType = "com.apple.product-type.bundle.unit-test";
		};
		EF8447EF2EF24DDB00326E16 /* ExpolanRatingComponentUITests */ = {
			isa = PBXNativeTarget;
			buildConfigurationList = EF8448002EF24DDB00326E16 /* Build configuration list for PBXNativeTarget "ExpolanRatingComponentUITests" */;
			buildPhases = (
				EF8447EC2EF24DDB00326E16 /* Sources */,
				EF8447ED2EF24DDB00326E16 /* Frameworks */,
				EF8447EE2EF24DDB00326E16 /* Resources */,
			);
			buildRules = (
			);
			dependencies = (
				EF8447F22EF24DDB00326E16 /* PBXTargetDependency */,
			);
			fileSystemSynchronizedGroups = (
				EF8447F32EF24DDB00326E16 /* ExpolanRatingComponentUITests */,
			);
			name = ExpolanRatingComponentUITests;
			packageProductDependencies = (
			);
			productName = ExpolanRatingComponentUITests;
			productReference = EF8447F02EF24DDB00326E16 /* ExpolanRatingComponentUITests.xctest */;
			productType = "com.apple.product-type.bundle.ui-testing";
		};
/* End PBXNativeTarget section */

/* Begin PBXProject section */
		EF8447D12EF24DD800326E16 /* Project object */ = {
			isa = PBXProject;
			attributes = {
				BuildIndependentTargetsInParallel = 1;
				LastSwiftUpdateCheck = 2600;
				LastUpgradeCheck = 2600;
				TargetAttributes = {
					EF8447D82EF24DD800326E16 = {
						CreatedOnToolsVersion = 26.0.1;
					};
					EF8447E52EF24DDB00326E16 = {
						CreatedOnToolsVersion = 26.0.1;
						TestTargetID = EF8447D82EF24DD800326E16;
					};
					EF8447EF2EF24DDB00326E16 = {
						CreatedOnToolsVersion = 26.0.1;
						TestTargetID = EF8447D82EF24DD800326E16;
					};
				};
			};
			buildConfigurationList = EF8447D42EF24DD800326E16 /* Build configuration list for PBXProject "ExpolanRatingComponent" */;
			developmentRegion = en;
			hasScannedForEncodings = 0;
			knownRegions = (
				en,
				Base,
			);
			mainGroup = EF8447D02EF24DD800326E16;
			minimizedProjectReferenceProxies = 1;
			packageReferences = (
				EF8448062EF2768000326E16 /* XCRemoteSwiftPackageReference "WrappingHStack" */,
			);
			preferredProjectObjectVersion = 77;
			productRefGroup = EF8447DA2EF24DD800326E16 /* Products */;
			projectDirPath = "";
			projectRoot = "";
			targets = (
				EF8447D82EF24DD800326E16 /* ExpolanRatingComponent */,
				EF8447E52EF24DDB00326E16 /* ExpolanRatingComponentTests */,
				EF8447EF2EF24DDB00326E16 /* ExpolanRatingComponentUITests */,
			);
		};
/* End PBXProject section */

/* Begin PBXResourcesBuildPhase section */
		EF8447D72EF24DD800326E16 /* Resources */ = {
			isa = PBXResourcesBuildPhase;
			buildActionMask = 2147483647;
			files = (
			);
			runOnlyForDeploymentPostprocessing = 0;
		};
		EF8447E42EF24DDB00326E16 /* Resources */ = {
			isa = PBXResourcesBuildPhase;
			buildActionMask = 2147483647;
			files = (
			);
			runOnlyForDeploymentPostprocessing = 0;
		};
		EF8447EE2EF24DDB00326E16 /* Resources */ = {
			isa = PBXResourcesBuildPhase;
			buildActionMask = 2147483647;
			files = (
			);
			runOnlyForDeploymentPostprocessing = 0;
		};
/* End PBXResourcesBuildPhase section */

/* Begin PBXSourcesBuildPhase section */
		EF8447D52EF24DD800326E16 /* Sources */ = {
			isa = PBXSourcesBuildPhase;
			buildActionMask = 2147483647;
			files = (
			);
			runOnlyForDeploymentPostprocessing = 0;
		};
		EF8447E22EF24DDB00326E16 /* Sources */ = {
			isa = PBXSourcesBuildPhase;
			buildActionMask = 2147483647;
			files = (
			);
			runOnlyForDeploymentPostprocessing = 0;
		};
		EF8447EC2EF24DDB00326E16 /* Sources */ = {
			isa = PBXSourcesBuildPhase;
			buildActionMask = 2147483647;
			files = (
			);
			runOnlyForDeploymentPostprocessing = 0;
		};
/* End PBXSourcesBuildPhase section */

/* Begin PBXTargetDependency section */
		EF8447E82EF24DDB00326E16 /* PBXTargetDependency */ = {
			isa = PBXTargetDependency;
			target = EF8447D82EF24DD800326E16 /* ExpolanRatingComponent */;
			targetProxy = EF8447E72EF24DDB00326E16 /* PBXContainerItemProxy */;
		};
		EF8447F22EF24DDB00326E16 /* PBXTargetDependency */ = {
			isa = PBXTargetDependency;
			target = EF8447D82EF24DD800326E16 /* ExpolanRatingComponent */;
			targetProxy = EF8447F12EF24DDB00326E16 /* PBXContainerItemProxy */;
		};
/* End PBXTargetDependency section */

/* Begin XCBuildConfiguration section */
		EF8447F82EF24DDB00326E16 /* Debug */ = {
			isa = XCBuildConfiguration;
			buildSettings = {
				ALWAYS_SEARCH_USER_PATHS = NO;
				ASSETCATALOG_COMPILER_GENERATE_SWIFT_ASSET_SYMBOL_EXTENSIONS = YES;
				CLANG_ANALYZER_NONNULL = YES;
				CLANG_ANALYZER_NUMBER_OBJECT_CONVERSION = YES_AGGRESSIVE;
				CLANG_CXX_LANGUAGE_STANDARD = "gnu++20";
				CLANG_ENABLE_MODULES = YES;
				CLANG_ENABLE_OBJC_ARC = YES;
				CLANG_ENABLE_OBJC_WEAK = YES;
				CLANG_WARN_BLOCK_CAPTURE_AUTORELEASING = YES;
				CLANG_WARN_BOOL_CONVERSION = YES;
				CLANG_WARN_COMMA = YES;
				CLANG_WARN_CONSTANT_CONVERSION = YES;
				CLANG_WARN_DEPRECATED_OBJC_IMPLEMENTATIONS = YES;
				CLANG_WARN_DIRECT_OBJC_ISA_USAGE = YES_ERROR;
				CLANG_WARN_DOCUMENTATION_COMMENTS = YES;
				CLANG_WARN_EMPTY_BODY = YES;
				CLANG_WARN_ENUM_CONVERSION = YES;
				CLANG_WARN_INFINITE_RECURSION = YES;
				CLANG_WARN_INT_CONVERSION = YES;
				CLANG_WARN_NON_LITERAL_NULL_CONVERSION = YES;
				CLANG_WARN_OBJC_IMPLICIT_RETAIN_SELF = YES;
				CLANG_WARN_OBJC_LITERAL_CONVERSION = YES;
				CLANG_WARN_OBJC_ROOT_CLASS = YES_ERROR;
				CLANG_WARN_QUOTED_INCLUDE_IN_FRAMEWORK_HEADER = YES;
				CLANG_WARN_RANGE_LOOP_ANALYSIS = YES;
				CLANG_WARN_STRICT_PROTOTYPES = YES;
				CLANG_WARN_SUSPICIOUS_MOVE = YES;
				CLANG_WARN_UNGUARDED_AVAILABILITY = YES_AGGRESSIVE;
				CLANG_WARN_UNREACHABLE_CODE = YES;
				CLANG_WARN__DUPLICATE_METHOD_MATCH = YES;
				COPY_PHASE_STRIP = NO;
				DEBUG_INFORMATION_FORMAT = dwarf;
				ENABLE_STRICT_OBJC_MSGSEND = YES;
				ENABLE_TESTABILITY = YES;
				ENABLE_USER_SCRIPT_SANDBOXING = YES;
				GCC_C_LANGUAGE_STANDARD = gnu17;
				GCC_DYNAMIC_NO_PIC = NO;
				GCC_NO_COMMON_BLOCKS = YES;
				GCC_OPTIMIZATION_LEVEL = 0;
				GCC_PREPROCESSOR_DEFINITIONS = (
					"DEBUG=1",
					"$(inherited)",
				);
				GCC_WARN_64_TO_32_BIT_CONVERSION = YES;
				GCC_WARN_ABOUT_RETURN_TYPE = YES_ERROR;
				GCC_WARN_UNDECLARED_SELECTOR = YES;
				GCC_WARN_UNINITIALIZED_AUTOS = YES_AGGRESSIVE;
				GCC_WARN_UNUSED_FUNCTION = YES;
				GCC_WARN_UNUSED_VARIABLE = YES;
				IPHONEOS_DEPLOYMENT_TARGET = 26.0;
				LOCALIZATION_PREFERS_STRING_CATALOGS = YES;
				MTL_ENABLE_DEBUG_INFO = INCLUDE_SOURCE;
				MTL_FAST_MATH = YES;
				ONLY_ACTIVE_ARCH = YES;
				SDKROOT = iphoneos;
				SWIFT_ACTIVE_COMPILATION_CONDITIONS = "DEBUG $(inherited)";
				SWIFT_OPTIMIZATION_LEVEL = "-Onone";
			};
			name = Debug;
		};
		EF8447F92EF24DDB00326E16 /* Release */ = {
			isa = XCBuildConfiguration;
			buildSettings = {
				ALWAYS_SEARCH_USER_PATHS = NO;
				ASSETCATALOG_COMPILER_GENERATE_SWIFT_ASSET_SYMBOL_EXTENSIONS = YES;
				CLANG_ANALYZER_NONNULL = YES;
				CLANG_ANALYZER_NUMBER_OBJECT_CONVERSION = YES_AGGRESSIVE;
				CLANG_CXX_LANGUAGE_STANDARD = "gnu++20";
				CLANG_ENABLE_MODULES = YES;
				CLANG_ENABLE_OBJC_ARC = YES;
				CLANG_ENABLE_OBJC_WEAK = YES;
				CLANG_WARN_BLOCK_CAPTURE_AUTORELEASING = YES;
				CLANG_WARN_BOOL_CONVERSION = YES;
				CLANG_WARN_COMMA = YES;
				CLANG_WARN_CONSTANT_CONVERSION = YES;
				CLANG_WARN_DEPRECATED_OBJC_IMPLEMENTATIONS = YES;
				CLANG_WARN_DIRECT_OBJC_ISA_USAGE = YES_ERROR;
				CLANG_WARN_DOCUMENTATION_COMMENTS = YES;
				CLANG_WARN_EMPTY_BODY = YES;
				CLANG_WARN_ENUM_CONVERSION = YES;
				CLANG_WARN_INFINITE_RECURSION = YES;
				CLANG_WARN_INT_CONVERSION = YES;
				CLANG_WARN_NON_LITERAL_NULL_CONVERSION = YES;
				CLANG_WARN_OBJC_IMPLICIT_RETAIN_SELF = YES;
				CLANG_WARN_OBJC_LITERAL_CONVERSION = YES;
				CLANG_WARN_OBJC_ROOT_CLASS = YES_ERROR;
				CLANG_WARN_QUOTED_INCLUDE_IN_FRAMEWORK_HEADER = YES;
				CLANG_WARN_RANGE_LOOP_ANALYSIS = YES;
				CLANG_WARN_STRICT_PROTOTYPES = YES;
				CLANG_WARN_SUSPICIOUS_MOVE = YES;
				CLANG_WARN_UNGUARDED_AVAILABILITY = YES_AGGRESSIVE;
				CLANG_WARN_UNREACHABLE_CODE = YES;
				CLANG_WARN__DUPLICATE_METHOD_MATCH = YES;
				COPY_PHASE_STRIP = NO;
				DEBUG_INFORMATION_FORMAT = "dwarf-with-dsym";
				ENABLE_NS_ASSERTIONS = NO;
				ENABLE_STRICT_OBJC_MSGSEND = YES;
				ENABLE_USER_SCRIPT_SANDBOXING = YES;
				GCC_C_LANGUAGE_STANDARD = gnu17;
				GCC_NO_COMMON_BLOCKS = YES;
				GCC_WARN_64_TO_32_BIT_CONVERSION = YES;
				GCC_WARN_ABOUT_RETURN_TYPE = YES_ERROR;
				GCC_WARN_UNDECLARED_SELECTOR = YES;
				GCC_WARN_UNINITIALIZED_AUTOS = YES_AGGRESSIVE;
				GCC_WARN_UNUSED_FUNCTION = YES;
				GCC_WARN_UNUSED_VARIABLE = YES;
				IPHONEOS_DEPLOYMENT_TARGET = 26.0;
				LOCALIZATION_PREFERS_STRING_CATALOGS = YES;
				MTL_ENABLE_DEBUG_INFO = NO;
				MTL_FAST_MATH = YES;
				SDKROOT = iphoneos;
				SWIFT_COMPILATION_MODE = wholemodule;
				VALIDATE_PRODUCT = YES;
			};
			name = Release;
		};
		EF8447FB2EF24DDB00326E16 /* Debug */ = {
			isa = XCBuildConfiguration;
			buildSettings = {
				ASSETCATALOG_COMPILER_APPICON_NAME = AppIcon;
				ASSETCATALOG_COMPILER_GLOBAL_ACCENT_COLOR_NAME = AccentColor;
				CODE_SIGN_STYLE = Automatic;
				CURRENT_PROJECT_VERSION = 1;
				ENABLE_PREVIEWS = YES;
				GENERATE_INFOPLIST_FILE = YES;
				INFOPLIST_KEY_UIApplicationSceneManifest_Generation = YES;
				INFOPLIST_KEY_UIApplicationSupportsIndirectInputEvents = YES;
				INFOPLIST_KEY_UILaunchScreen_Generation = YES;
				INFOPLIST_KEY_UISupportedInterfaceOrientations_iPad = "UIInterfaceOrientationPortrait UIInterfaceOrientationPortraitUpsideDown UIInterfaceOrientationLandscapeLeft UIInterfaceOrientationLandscapeRight";
				INFOPLIST_KEY_UISupportedInterfaceOrientations_iPhone = "UIInterfaceOrientationPortrait UIInterfaceOrientationLandscapeLeft UIInterfaceOrientationLandscapeRight";
				LD_RUNPATH_SEARCH_PATHS = (
					"$(inherited)",
					"@executable_path/Frameworks",
				);
				MARKETING_VERSION = 1.0;
				PRODUCT_BUNDLE_IDENTIFIER = com.ledoux.sanguo.ExpolanRatingComponent;
				PRODUCT_NAME = "$(TARGET_NAME)";
				STRING_CATALOG_GENERATE_SYMBOLS = YES;
				SWIFT_APPROACHABLE_CONCURRENCY = YES;
				SWIFT_DEFAULT_ACTOR_ISOLATION = MainActor;
				SWIFT_EMIT_LOC_STRINGS = YES;
				SWIFT_UPCOMING_FEATURE_MEMBER_IMPORT_VISIBILITY = YES;
				SWIFT_VERSION = 5.0;
				TARGETED_DEVICE_FAMILY = "1,2";
			};
			name = Debug;
		};
		EF8447FC2EF24DDB00326E16 /* Release */ = {
			isa = XCBuildConfiguration;
			buildSettings = {
				ASSETCATALOG_COMPILER_APPICON_NAME = AppIcon;
				ASSETCATALOG_COMPILER_GLOBAL_ACCENT_COLOR_NAME = AccentColor;
				CODE_SIGN_STYLE = Automatic;
				CURRENT_PROJECT_VERSION = 1;
				ENABLE_PREVIEWS = YES;
				GENERATE_INFOPLIST_FILE = YES;
				INFOPLIST_KEY_UIApplicationSceneManifest_Generation = YES;
				INFOPLIST_KEY_UIApplicationSupportsIndirectInputEvents = YES;
				INFOPLIST_KEY_UILaunchScreen_Generation = YES;
				INFOPLIST_KEY_UISupportedInterfaceOrientations_iPad = "UIInterfaceOrientationPortrait UIInterfaceOrientationPortraitUpsideDown UIInterfaceOrientationLandscapeLeft UIInterfaceOrientationLandscapeRight";
				INFOPLIST_KEY_UISupportedInterfaceOrientations_iPhone = "UIInterfaceOrientationPortrait UIInterfaceOrientationLandscapeLeft UIInterfaceOrientationLandscapeRight";
				LD_RUNPATH_SEARCH_PATHS = (
					"$(inherited)",
					"@executable_path/Frameworks",
				);
				MARKETING_VERSION = 1.0;
				PRODUCT_BUNDLE_IDENTIFIER = com.ledoux.sanguo.ExpolanRatingComponent;
				PRODUCT_NAME = "$(TARGET_NAME)";
				STRING_CATALOG_GENERATE_SYMBOLS = YES;
				SWIFT_APPROACHABLE_CONCURRENCY = YES;
				SWIFT_DEFAULT_ACTOR_ISOLATION = MainActor;
				SWIFT_EMIT_LOC_STRINGS = YES;
				SWIFT_UPCOMING_FEATURE_MEMBER_IMPORT_VISIBILITY = YES;
				SWIFT_VERSION = 5.0;
				TARGETED_DEVICE_FAMILY = "1,2";
			};
			name = Release;
		};
		EF8447FE2EF24DDB00326E16 /* Debug */ = {
			isa = XCBuildConfiguration;
			buildSettings = {
				BUNDLE_LOADER = "$(TEST_HOST)";
				CODE_SIGN_STYLE = Automatic;
				CURRENT_PROJECT_VERSION = 1;
				GENERATE_INFOPLIST_FILE = YES;
				IPHONEOS_DEPLOYMENT_TARGET = 26.0;
				MARKETING_VERSION = 1.0;
				PRODUCT_BUNDLE_IDENTIFIER = com.ledoux.sanguo.ExpolanRatingComponentTests;
				PRODUCT_NAME = "$(TARGET_NAME)";
				STRING_CATALOG_GENERATE_SYMBOLS = NO;
				SWIFT_APPROACHABLE_CONCURRENCY = YES;
				SWIFT_EMIT_LOC_STRINGS = NO;
				SWIFT_UPCOMING_FEATURE_MEMBER_IMPORT_VISIBILITY = YES;
				SWIFT_VERSION = 5.0;
				TARGETED_DEVICE_FAMILY = "1,2";
				TEST_HOST = "$(BUILT_PRODUCTS_DIR)/ExpolanRatingComponent.app/$(BUNDLE_EXECUTABLE_FOLDER_PATH)/ExpolanRatingComponent";
			};
			name = Debug;
		};
		EF8447FF2EF24DDB00326E16 /* Release */ = {
			isa = XCBuildConfiguration;
			buildSettings = {
				BUNDLE_LOADER = "$(TEST_HOST)";
				CODE_SIGN_STYLE = Automatic;
				CURRENT_PROJECT_VERSION = 1;
				GENERATE_INFOPLIST_FILE = YES;
				IPHONEOS_DEPLOYMENT_TARGET = 26.0;
				MARKETING_VERSION = 1.0;
				PRODUCT_BUNDLE_IDENTIFIER = com.ledoux.sanguo.ExpolanRatingComponentTests;
				PRODUCT_NAME = "$(TARGET_NAME)";
				STRING_CATALOG_GENERATE_SYMBOLS = NO;
				SWIFT_APPROACHABLE_CONCURRENCY = YES;
				SWIFT_EMIT_LOC_STRINGS = NO;
				SWIFT_UPCOMING_FEATURE_MEMBER_IMPORT_VISIBILITY = YES;
				SWIFT_VERSION = 5.0;
				TARGETED_DEVICE_FAMILY = "1,2";
				TEST_HOST = "$(BUILT_PRODUCTS_DIR)/ExpolanRatingComponent.app/$(BUNDLE_EXECUTABLE_FOLDER_PATH)/ExpolanRatingComponent";
			};
			name = Release;
		};
		EF8448012EF24DDB00326E16 /* Debug */ = {
			isa = XCBuildConfiguration;
			buildSettings = {
				CODE_SIGN_STYLE = Automatic;
				CURRENT_PROJECT_VERSION = 1;
				GENERATE_INFOPLIST_FILE = YES;
				MARKETING_VERSION = 1.0;
				PRODUCT_BUNDLE_IDENTIFIER = com.ledoux.sanguo.ExpolanRatingComponentUITests;
				PRODUCT_NAME = "$(TARGET_NAME)";
				STRING_CATALOG_GENERATE_SYMBOLS = NO;
				SWIFT_APPROACHABLE_CONCURRENCY = YES;
				SWIFT_EMIT_LOC_STRINGS = NO;
				SWIFT_UPCOMING_FEATURE_MEMBER_IMPORT_VISIBILITY = YES;
				SWIFT_VERSION = 5.0;
				TARGETED_DEVICE_FAMILY = "1,2";
				TEST_TARGET_NAME = ExpolanRatingComponent;
			};
			name = Debug;
		};
		EF8448022EF24DDB00326E16 /* Release */ = {
			isa = XCBuildConfiguration;
			buildSettings = {
				CODE_SIGN_STYLE = Automatic;
				CURRENT_PROJECT_VERSION = 1;
				GENERATE_INFOPLIST_FILE = YES;
				MARKETING_VERSION = 1.0;
				PRODUCT_BUNDLE_IDENTIFIER = com.ledoux.sanguo.ExpolanRatingComponentUITests;
				PRODUCT_NAME = "$(TARGET_NAME)";
				STRING_CATALOG_GENERATE_SYMBOLS = NO;
				SWIFT_APPROACHABLE_CONCURRENCY = YES;
				SWIFT_EMIT_LOC_STRINGS = NO;
				SWIFT_UPCOMING_FEATURE_MEMBER_IMPORT_VISIBILITY = YES;
				SWIFT_VERSION = 5.0;
				TARGETED_DEVICE_FAMILY = "1,2";
				TEST_TARGET_NAME = ExpolanRatingComponent;
			};
			name = Release;
		};
/* End XCBuildConfiguration section */

/* Begin XCConfigurationList section */
		EF8447D42EF24DD800326E16 /* Build configuration list for PBXProject "ExpolanRatingComponent" */ = {
			isa = XCConfigurationList;
			buildConfigurations = (
				EF8447F82EF24DDB00326E16 /* Debug */,
				EF8447F92EF24DDB00326E16 /* Release */,
			);
			defaultConfigurationIsVisible = 0;
			defaultConfigurationName = Release;
		};
		EF8447FA2EF24DDB00326E16 /* Build configuration list for PBXNativeTarget "ExpolanRatingComponent" */ = {
			isa = XCConfigurationList;
			buildConfigurations = (
				EF8447FB2EF24DDB00326E16 /* Debug */,
				EF8447FC2EF24DDB00326E16 /* Release */,
			);
			defaultConfigurationIsVisible = 0;
			defaultConfigurationName = Release;
		};
		EF8447FD2EF24DDB00326E16 /* Build configuration list for PBXNativeTarget "ExpolanRatingComponentTests" */ = {
			isa = XCConfigurationList;
			buildConfigurations = (
				EF8447FE2EF24DDB00326E16 /* Debug */,
				EF8447FF2EF24DDB00326E16 /* Release */,
			);
			defaultConfigurationIsVisible = 0;
			defaultConfigurationName = Release;
		};
		EF8448002EF24DDB00326E16 /* Build configuration list for PBXNativeTarget "ExpolanRatingComponentUITests" */ = {
			isa = XCConfigurationList;
			buildConfigurations = (
				EF8448012EF24DDB00326E16 /* Debug */,
				EF8448022EF24DDB00326E16 /* Release */,
			);
			defaultConfigurationIsVisible = 0;
			defaultConfigurationName = Release;
		};
/* End XCConfigurationList section */

/* Begin XCRemoteSwiftPackageReference section */
		EF8448062EF2768000326E16 /* XCRemoteSwiftPackageReference "WrappingHStack" */ = {
			isa = XCRemoteSwiftPackageReference;
			repositoryURL = "https://github.com/dkk/WrappingHStack";
			requirement = {
				kind = upToNextMajorVersion;
				minimumVersion = 2.2.11;
			};
		};
/* End XCRemoteSwiftPackageReference section */

/* Begin XCSwiftPackageProductDependency section */
		EF8448082EF276B100326E16 /* WrappingHStack */ = {
			isa = XCSwiftPackageProductDependency;
			package = EF8448062EF2768000326E16 /* XCRemoteSwiftPackageReference "WrappingHStack" */;
			productName = WrappingHStack;
		};
/* End XCSwiftPackageProductDependency section */
	};
	rootObject = EF8447D12EF24DD800326E16 /* Project object */;
}
